[[package]]
name = "byteorder"
version = "1.2.6"
source = "registry+https://github.com/rust-lang/crates.io-index"

[[package]]
name = "embedded-hal"
version = "0.2.1"
source = "registry+https://github.com/rust-lang/crates.io-index"
dependencies = [
 "nb 0.1.1 (registry+https://github.com/rust-lang/crates.io-index)",
 "void 1.0.2 (registry+https://github.com/rust-lang/crates.io-index)",
]

[[package]]
name = "nb"
version = "0.1.1"
source = "registry+https://github.com/rust-lang/crates.io-index"

[[package]]
name = "void"
version = "1.0.2"
source = "registry+https://github.com/rust-lang/crates.io-index"

[[package]]
name = "w5500"
version = "0.1.5"
dependencies = [
 "byteorder 1.2.6 (registry+https://github.com/rust-lang/crates.io-index)",
 "embedded-hal 0.2.1 (registry+https://github.com/rust-lang/crates.io-index)",
 "nb 0.1.1 (registry+https://github.com/rust-lang/crates.io-index)",
]

[metadata]
"checksum byteorder 1.2.6 (registry+https://github.com/rust-lang/crates.io-index)" = "90492c5858dd7d2e78691cfb89f90d273a2800fc11d98f60786e5d87e2f83781"
"checksum embedded-hal 0.2.1 (registry+https://github.com/rust-lang/crates.io-index)" = "26944677e4934eb5fb4025501dc0d6cdbcf6bfabd6200fcfee2e7e8eef8c0362"
"checksum nb 0.1.1 (registry+https://github.com/rust-lang/crates.io-index)" = "69f380b5fe9fab8c0d7a6a99cda23e2cc0463bedb2cbc3aada0813b98496ecdc"
"checksum void 1.0.2 (registry+https://github.com/rust-lang/crates.io-index)" = "6a02e4885ed3bc0f2de90ea6dd45ebcbb66dacffe03547fadbb0eeae2770887d"
